{
    "version": 3,
    "terraform_version": "0.11.4",
    "serial": 10,
    "lineage": "3ed4562f-bfeb-ed9e-3cd6-ab547e402ffe",
    "modules": [
        {
            "path": [
                "root"
            ],
            "outputs": {},
            "resources": {
                "aws_cloudwatch_log_group.log_group": {
                    "type": "aws_cloudwatch_log_group",
                    "depends_on": [],
                    "primary": {
                        "id": "blog",
                        "attributes": {
                            "arn": "arn:aws:logs:us-east-1:364833262723:log-group:blog:*",
                            "id": "blog",
                            "kms_key_id": "",
                            "name": "blog",
                            "retention_in_days": "0",
                            "tags.%": "0"
                        },
                        "meta": {},
                        "tainted": false
                    },
                    "deposed": [],
                    "provider": "provider.aws"
                },
                "aws_ecs_cluster.cluster": {
                    "type": "aws_ecs_cluster",
                    "depends_on": [],
                    "primary": {
                        "id": "arn:aws:ecs:us-east-1:364833262723:cluster/blog-ecs-cluster",
                        "attributes": {
                            "arn": "arn:aws:ecs:us-east-1:364833262723:cluster/blog-ecs-cluster",
                            "id": "arn:aws:ecs:us-east-1:364833262723:cluster/blog-ecs-cluster",
                            "name": "blog-ecs-cluster"
                        },
                        "meta": {},
                        "tainted": false
                    },
                    "deposed": [],
                    "provider": "provider.aws"
                },
                "aws_ecs_service.service": {
                    "type": "aws_ecs_service",
                    "depends_on": [
                        "aws_ecs_cluster.cluster",
                        "aws_ecs_task_definition.task",
                        "aws_security_group.awsvpc_sg",
                        "module.vpc"
                    ],
                    "primary": {
                        "id": "arn:aws:ecs:us-east-1:364833262723:service/blog",
                        "attributes": {
                            "cluster": "arn:aws:ecs:us-east-1:364833262723:cluster/blog-ecs-cluster",
                            "deployment_maximum_percent": "200",
                            "deployment_minimum_healthy_percent": "100",
                            "desired_count": "1",
                            "health_check_grace_period_seconds": "0",
                            "iam_role": "aws-service-role",
                            "id": "arn:aws:ecs:us-east-1:364833262723:service/blog",
                            "launch_type": "FARGATE",
                            "name": "blog",
                            "network_configuration.#": "1",
                            "network_configuration.0.security_groups.#": "1",
                            "network_configuration.0.security_groups.123337404": "sg-b3697bc5",
                            "network_configuration.0.subnets.#": "3",
                            "network_configuration.0.subnets.1028634693": "subnet-4a9e4a00",
                            "network_configuration.0.subnets.1563036803": "subnet-2310107e",
                            "network_configuration.0.subnets.995238244": "subnet-a78e94c3",
                            "placement_constraints.#": "0",
                            "placement_strategy.#": "0",
                            "task_definition": "arn:aws:ecs:us-east-1:364833262723:task-definition/blog-blog:37"
                        },
                        "meta": {},
                        "tainted": false
                    },
                    "deposed": [],
                    "provider": "provider.aws"
                },
                "aws_ecs_task_definition.task": {
                    "type": "aws_ecs_task_definition",
                    "depends_on": [
                        "aws_iam_role.ecs_tasks_execution_role",
                        "data.template_file.blog"
                    ],
                    "primary": {
                        "id": "blog-blog",
                        "attributes": {
                            "arn": "arn:aws:ecs:us-east-1:364833262723:task-definition/blog-blog:37",
                            "container_definitions": "[{\"cpu\":0,\"environment\":[{\"name\":\"broker.url\",\"value\":\"tcp://ec2-34-207-95-64.compute-1.amazonaws.com:61616\"}],\"essential\":true,\"image\":\"364833262723.dkr.ecr.us-west-2.amazonaws.com/ecrtest:latest\",\"logConfiguration\":{\"logDriver\":\"awslogs\",\"options\":{\"awslogs-group\":\"blog\",\"awslogs-region\":\"us-east-1\",\"awslogs-stream-prefix\":\"ecs\"}},\"mountPoints\":[],\"name\":\"blog\",\"portMappings\":[],\"volumesFrom\":[]}]",
                            "cpu": "256",
                            "execution_role_arn": "arn:aws:iam::364833262723:role/blog-ecs-task-execution-role",
                            "family": "blog-blog",
                            "id": "blog-blog",
                            "memory": "512",
                            "network_mode": "awsvpc",
                            "placement_constraints.#": "0",
                            "requires_compatibilities.#": "1",
                            "requires_compatibilities.3072437307": "FARGATE",
                            "revision": "37",
                            "task_role_arn": ""
                        },
                        "meta": {
                            "schema_version": "1"
                        },
                        "tainted": false
                    },
                    "deposed": [],
                    "provider": "provider.aws"
                },
                "aws_iam_role.ecs_tasks_execution_role": {
                    "type": "aws_iam_role",
                    "depends_on": [
                        "data.aws_iam_policy_document.ecs_tasks_execution_role"
                    ],
                    "primary": {
                        "id": "blog-ecs-task-execution-role",
                        "attributes": {
                            "arn": "arn:aws:iam::364833262723:role/blog-ecs-task-execution-role",
                            "assume_role_policy": "{\"Version\":\"2012-10-17\",\"Statement\":[{\"Sid\":\"\",\"Effect\":\"Allow\",\"Principal\":{\"Service\":\"ecs-tasks.amazonaws.com\"},\"Action\":\"sts:AssumeRole\"}]}",
                            "create_date": "2018-04-02T06:45:55Z",
                            "force_detach_policies": "false",
                            "id": "blog-ecs-task-execution-role",
                            "name": "blog-ecs-task-execution-role",
                            "path": "/",
                            "unique_id": "AROAIDRUBSQGGZF4S7DTI"
                        },
                        "meta": {},
                        "tainted": false
                    },
                    "deposed": [],
                    "provider": "provider.aws"
                },
                "aws_iam_role_policy_attachment.ecs_tasks_execution_role": {
                    "type": "aws_iam_role_policy_attachment",
                    "depends_on": [
                        "aws_iam_role.ecs_tasks_execution_role"
                    ],
                    "primary": {
                        "id": "blog-ecs-task-execution-role-20180402064555373000000001",
                        "attributes": {
                            "id": "blog-ecs-task-execution-role-20180402064555373000000001",
                            "policy_arn": "arn:aws:iam::aws:policy/service-role/AmazonECSTaskExecutionRolePolicy",
                            "role": "blog-ecs-task-execution-role"
                        },
                        "meta": {},
                        "tainted": false
                    },
                    "deposed": [],
                    "provider": "provider.aws"
                },
                "aws_security_group.awsvpc_sg": {
                    "type": "aws_security_group",
                    "depends_on": [
                        "module.vpc"
                    ],
                    "primary": {
                        "id": "sg-b3697bc5",
                        "attributes": {
                            "description": "Managed by Terraform",
                            "egress.#": "0",
                            "id": "sg-b3697bc5",
                            "ingress.#": "0",
                            "name": "blog-awsvpc-cluster-sg",
                            "owner_id": "364833262723",
                            "revoke_rules_on_delete": "false",
                            "tags.%": "2",
                            "tags.Environment": "blog",
                            "tags.Name": "blog-ecs-cluster-sg",
                            "vpc_id": "vpc-5bec8920"
                        },
                        "meta": {
                            "schema_version": "1"
                        },
                        "tainted": false
                    },
                    "deposed": [],
                    "provider": "provider.aws"
                },
                "data.aws_iam_policy_document.ecs_tasks_execution_role": {
                    "type": "aws_iam_policy_document",
                    "depends_on": [],
                    "primary": {
                        "id": "320642683",
                        "attributes": {
                            "id": "320642683",
                            "json": "{\n  \"Version\": \"2012-10-17\",\n  \"Statement\": [\n    {\n      \"Sid\": \"\",\n      \"Effect\": \"Allow\",\n      \"Action\": \"sts:AssumeRole\",\n      \"Principal\": {\n        \"Service\": \"ecs-tasks.amazonaws.com\"\n      }\n    }\n  ]\n}",
                            "statement.#": "1",
                            "statement.0.actions.#": "1",
                            "statement.0.actions.2528466339": "sts:AssumeRole",
                            "statement.0.condition.#": "0",
                            "statement.0.effect": "Allow",
                            "statement.0.not_actions.#": "0",
                            "statement.0.not_principals.#": "0",
                            "statement.0.not_resources.#": "0",
                            "statement.0.principals.#": "1",
                            "statement.0.principals.1709806136.identifiers.#": "1",
                            "statement.0.principals.1709806136.identifiers.3389920935": "ecs-tasks.amazonaws.com",
                            "statement.0.principals.1709806136.type": "Service",
                            "statement.0.resources.#": "0",
                            "statement.0.sid": ""
                        },
                        "meta": {},
                        "tainted": false
                    },
                    "deposed": [],
                    "provider": "provider.aws"
                },
                "data.template_file.blog": {
                    "type": "template_file",
                    "depends_on": [],
                    "primary": {
                        "id": "e1e7544f0940988f34aad6ff4a6e18625a528f71337a77848e0319a543d92893",
                        "attributes": {
                            "id": "e1e7544f0940988f34aad6ff4a6e18625a528f71337a77848e0319a543d92893",
                            "rendered": "  [\n    {\n      \"essential\": true,\n      \"image\": \"364833262723.dkr.ecr.us-west-2.amazonaws.com/ecrtest:latest\",\n      \"name\": \"blog\",\n\t  \"environment\": [{\n      \"name\": \"broker.url\",\n      \"value\": \"tcp://ec2-34-207-95-64.compute-1.amazonaws.com:61616\"\n    }],\n      \"logConfiguration\": {\n        \"logDriver\": \"awslogs\",\n        \"options\": {\n          \"awslogs-group\": \"blog\",\n          \"awslogs-region\": \"us-east-1\",\n          \"awslogs-stream-prefix\": \"ecs\"\n        }\n      }\n    }\n  ]\n\n  ",
                            "template": "  [\n    {\n      \"essential\": true,\n      \"image\": \"364833262723.dkr.ecr.us-west-2.amazonaws.com/ecrtest:latest\",\n      \"name\": \"blog\",\n\t  \"environment\": [{\n      \"name\": \"broker.url\",\n      \"value\": \"tcp://ec2-34-207-95-64.compute-1.amazonaws.com:61616\"\n    }],\n      \"logConfiguration\": {\n        \"logDriver\": \"awslogs\",\n        \"options\": {\n          \"awslogs-group\": \"blog\",\n          \"awslogs-region\": \"us-east-1\",\n          \"awslogs-stream-prefix\": \"ecs\"\n        }\n      }\n    }\n  ]\n\n  "
                        },
                        "meta": {},
                        "tainted": false
                    },
                    "deposed": [],
                    "provider": "provider.template"
                }
            },
            "depends_on": []
        },
        {
            "path": [
                "root",
                "vpc"
            ],
            "outputs": {
                "availability_zones": {
                    "sensitive": false,
                    "type": "list",
                    "value": [
                        "us-east-1a",
                        "us-east-1b",
                        "us-east-1c"
                    ]
                },
                "private_dns_zone_id": {
                    "sensitive": false,
                    "type": "string",
                    "value": ""
                },
                "private_domain_name": {
                    "sensitive": false,
                    "type": "string",
                    "value": ""
                },
                "private_subnets": {
                    "sensitive": false,
                    "type": "list",
                    "value": [
                        "subnet-4a9e4a00",
                        "subnet-2310107e",
                        "subnet-a78e94c3"
                    ]
                },
                "public_subnets": {
                    "sensitive": false,
                    "type": "list",
                    "value": [
                        "subnet-9d9246d7",
                        "subnet-39202064",
                        "subnet-d8819bbc"
                    ]
                },
                "vpc_cidr": {
                    "sensitive": false,
                    "type": "string",
                    "value": "10.0.0.0/16"
                },
                "vpc_id": {
                    "sensitive": false,
                    "type": "string",
                    "value": "vpc-5bec8920"
                }
            },
            "resources": {
                "aws_eip.nat": {
                    "type": "aws_eip",
                    "depends_on": [],
                    "primary": {
                        "id": "eipalloc-50e78e59",
                        "attributes": {
                            "association_id": "",
                            "domain": "vpc",
                            "id": "eipalloc-50e78e59",
                            "instance": "",
                            "network_interface": "",
                            "private_ip": "",
                            "public_ip": "35.173.102.78",
                            "tags.%": "0",
                            "vpc": "true"
                        },
                        "meta": {},
                        "tainted": false
                    },
                    "deposed": [],
                    "provider": "module.vpc.provider.aws"
                },
                "aws_internet_gateway.internet_gateway": {
                    "type": "aws_internet_gateway",
                    "depends_on": [
                        "aws_vpc.vpc"
                    ],
                    "primary": {
                        "id": "igw-ee4af896",
                        "attributes": {
                            "id": "igw-ee4af896",
                            "tags.%": "2",
                            "tags.Environment": "blog",
                            "tags.Name": "blog-internet-gateway",
                            "vpc_id": "vpc-5bec8920"
                        },
                        "meta": {},
                        "tainted": false
                    },
                    "deposed": [],
                    "provider": "module.vpc.provider.aws"
                },
                "aws_nat_gateway.nat": {
                    "type": "aws_nat_gateway",
                    "depends_on": [
                        "aws_eip.nat",
                        "aws_subnet.public_subnet"
                    ],
                    "primary": {
                        "id": "nat-098dea59423430355",
                        "attributes": {
                            "allocation_id": "eipalloc-50e78e59",
                            "id": "nat-098dea59423430355",
                            "network_interface_id": "eni-a91b8634",
                            "private_ip": "10.0.0.135",
                            "public_ip": "35.173.102.78",
                            "subnet_id": "subnet-9d9246d7",
                            "tags.%": "0"
                        },
                        "meta": {},
                        "tainted": false
                    },
                    "deposed": [],
                    "provider": "module.vpc.provider.aws"
                },
                "aws_route_table.private_routetable": {
                    "type": "aws_route_table",
                    "depends_on": [
                        "aws_nat_gateway.nat",
                        "aws_vpc.vpc"
                    ],
                    "primary": {
                        "id": "rtb-84099bf8",
                        "attributes": {
                            "id": "rtb-84099bf8",
                            "propagating_vgws.#": "0",
                            "route.#": "1",
                            "route.221793665.cidr_block": "0.0.0.0/0",
                            "route.221793665.egress_only_gateway_id": "",
                            "route.221793665.gateway_id": "",
                            "route.221793665.instance_id": "",
                            "route.221793665.ipv6_cidr_block": "",
                            "route.221793665.nat_gateway_id": "nat-098dea59423430355",
                            "route.221793665.network_interface_id": "",
                            "route.221793665.vpc_peering_connection_id": "",
                            "tags.%": "2",
                            "tags.Environment": "blog",
                            "tags.Name": "blog-private-routetable",
                            "vpc_id": "vpc-5bec8920"
                        },
                        "meta": {},
                        "tainted": false
                    },
                    "deposed": [],
                    "provider": "module.vpc.provider.aws"
                },
                "aws_route_table.public_routetable": {
                    "type": "aws_route_table",
                    "depends_on": [
                        "aws_internet_gateway.internet_gateway",
                        "aws_vpc.vpc"
                    ],
                    "primary": {
                        "id": "rtb-3c0c9e40",
                        "attributes": {
                            "id": "rtb-3c0c9e40",
                            "propagating_vgws.#": "0",
                            "route.#": "1",
                            "route.535242371.cidr_block": "0.0.0.0/0",
                            "route.535242371.egress_only_gateway_id": "",
                            "route.535242371.gateway_id": "igw-ee4af896",
                            "route.535242371.instance_id": "",
                            "route.535242371.ipv6_cidr_block": "",
                            "route.535242371.nat_gateway_id": "",
                            "route.535242371.network_interface_id": "",
                            "route.535242371.vpc_peering_connection_id": "",
                            "tags.%": "2",
                            "tags.Environment": "blog",
                            "tags.Name": "blog-public-routetable",
                            "vpc_id": "vpc-5bec8920"
                        },
                        "meta": {},
                        "tainted": false
                    },
                    "deposed": [],
                    "provider": "module.vpc.provider.aws"
                },
                "aws_route_table_association.private_routing_table.0": {
                    "type": "aws_route_table_association",
                    "depends_on": [
                        "aws_route_table.private_routetable",
                        "aws_subnet.private_subnet.*"
                    ],
                    "primary": {
                        "id": "rtbassoc-83ea24fc",
                        "attributes": {
                            "id": "rtbassoc-83ea24fc",
                            "route_table_id": "rtb-84099bf8",
                            "subnet_id": "subnet-4a9e4a00"
                        },
                        "meta": {},
                        "tainted": false
                    },
                    "deposed": [],
                    "provider": "module.vpc.provider.aws"
                },
                "aws_route_table_association.private_routing_table.1": {
                    "type": "aws_route_table_association",
                    "depends_on": [
                        "aws_route_table.private_routetable",
                        "aws_subnet.private_subnet.*"
                    ],
                    "primary": {
                        "id": "rtbassoc-1be32d64",
                        "attributes": {
                            "id": "rtbassoc-1be32d64",
                            "route_table_id": "rtb-84099bf8",
                            "subnet_id": "subnet-2310107e"
                        },
                        "meta": {},
                        "tainted": false
                    },
                    "deposed": [],
                    "provider": "module.vpc.provider.aws"
                },
                "aws_route_table_association.private_routing_table.2": {
                    "type": "aws_route_table_association",
                    "depends_on": [
                        "aws_route_table.private_routetable",
                        "aws_subnet.private_subnet.*"
                    ],
                    "primary": {
                        "id": "rtbassoc-2ee12f51",
                        "attributes": {
                            "id": "rtbassoc-2ee12f51",
                            "route_table_id": "rtb-84099bf8",
                            "subnet_id": "subnet-a78e94c3"
                        },
                        "meta": {},
                        "tainted": false
                    },
                    "deposed": [],
                    "provider": "module.vpc.provider.aws"
                },
                "aws_route_table_association.public_routing_table.0": {
                    "type": "aws_route_table_association",
                    "depends_on": [
                        "aws_route_table.public_routetable",
                        "aws_subnet.public_subnet.*"
                    ],
                    "primary": {
                        "id": "rtbassoc-d3ed23ac",
                        "attributes": {
                            "id": "rtbassoc-d3ed23ac",
                            "route_table_id": "rtb-3c0c9e40",
                            "subnet_id": "subnet-9d9246d7"
                        },
                        "meta": {},
                        "tainted": false
                    },
                    "deposed": [],
                    "provider": "module.vpc.provider.aws"
                },
                "aws_route_table_association.public_routing_table.1": {
                    "type": "aws_route_table_association",
                    "depends_on": [
                        "aws_route_table.public_routetable",
                        "aws_subnet.public_subnet.*"
                    ],
                    "primary": {
                        "id": "rtbassoc-5cea2423",
                        "attributes": {
                            "id": "rtbassoc-5cea2423",
                            "route_table_id": "rtb-3c0c9e40",
                            "subnet_id": "subnet-39202064"
                        },
                        "meta": {},
                        "tainted": false
                    },
                    "deposed": [],
                    "provider": "module.vpc.provider.aws"
                },
                "aws_route_table_association.public_routing_table.2": {
                    "type": "aws_route_table_association",
                    "depends_on": [
                        "aws_route_table.public_routetable",
                        "aws_subnet.public_subnet.*"
                    ],
                    "primary": {
                        "id": "rtbassoc-d2e628ad",
                        "attributes": {
                            "id": "rtbassoc-d2e628ad",
                            "route_table_id": "rtb-3c0c9e40",
                            "subnet_id": "subnet-d8819bbc"
                        },
                        "meta": {},
                        "tainted": false
                    },
                    "deposed": [],
                    "provider": "module.vpc.provider.aws"
                },
                "aws_subnet.private_subnet.0": {
                    "type": "aws_subnet",
                    "depends_on": [
                        "aws_vpc.vpc"
                    ],
                    "primary": {
                        "id": "subnet-4a9e4a00",
                        "attributes": {
                            "assign_ipv6_address_on_creation": "false",
                            "availability_zone": "us-east-1a",
                            "cidr_block": "10.0.3.0/24",
                            "id": "subnet-4a9e4a00",
                            "map_public_ip_on_launch": "false",
                            "tags.%": "2",
                            "tags.Environment": "blog",
                            "tags.Name": "blog-us-east-1a-private",
                            "vpc_id": "vpc-5bec8920"
                        },
                        "meta": {
                            "schema_version": "1"
                        },
                        "tainted": false
                    },
                    "deposed": [],
                    "provider": "module.vpc.provider.aws"
                },
                "aws_subnet.private_subnet.1": {
                    "type": "aws_subnet",
                    "depends_on": [
                        "aws_vpc.vpc"
                    ],
                    "primary": {
                        "id": "subnet-2310107e",
                        "attributes": {
                            "assign_ipv6_address_on_creation": "false",
                            "availability_zone": "us-east-1b",
                            "cidr_block": "10.0.4.0/24",
                            "id": "subnet-2310107e",
                            "map_public_ip_on_launch": "false",
                            "tags.%": "2",
                            "tags.Environment": "blog",
                            "tags.Name": "blog-us-east-1b-private",
                            "vpc_id": "vpc-5bec8920"
                        },
                        "meta": {
                            "schema_version": "1"
                        },
                        "tainted": false
                    },
                    "deposed": [],
                    "provider": "module.vpc.provider.aws"
                },
                "aws_subnet.private_subnet.2": {
                    "type": "aws_subnet",
                    "depends_on": [
                        "aws_vpc.vpc"
                    ],
                    "primary": {
                        "id": "subnet-a78e94c3",
                        "attributes": {
                            "assign_ipv6_address_on_creation": "false",
                            "availability_zone": "us-east-1c",
                            "cidr_block": "10.0.5.0/24",
                            "id": "subnet-a78e94c3",
                            "map_public_ip_on_launch": "false",
                            "tags.%": "2",
                            "tags.Environment": "blog",
                            "tags.Name": "blog-us-east-1c-private",
                            "vpc_id": "vpc-5bec8920"
                        },
                        "meta": {
                            "schema_version": "1"
                        },
                        "tainted": false
                    },
                    "deposed": [],
                    "provider": "module.vpc.provider.aws"
                },
                "aws_subnet.public_subnet.0": {
                    "type": "aws_subnet",
                    "depends_on": [
                        "aws_vpc.vpc"
                    ],
                    "primary": {
                        "id": "subnet-9d9246d7",
                        "attributes": {
                            "assign_ipv6_address_on_creation": "false",
                            "availability_zone": "us-east-1a",
                            "cidr_block": "10.0.0.0/24",
                            "id": "subnet-9d9246d7",
                            "map_public_ip_on_launch": "false",
                            "tags.%": "2",
                            "tags.Environment": "blog",
                            "tags.Name": "blog-us-east-1a-public",
                            "vpc_id": "vpc-5bec8920"
                        },
                        "meta": {
                            "schema_version": "1"
                        },
                        "tainted": false
                    },
                    "deposed": [],
                    "provider": "module.vpc.provider.aws"
                },
                "aws_subnet.public_subnet.1": {
                    "type": "aws_subnet",
                    "depends_on": [
                        "aws_vpc.vpc"
                    ],
                    "primary": {
                        "id": "subnet-39202064",
                        "attributes": {
                            "assign_ipv6_address_on_creation": "false",
                            "availability_zone": "us-east-1b",
                            "cidr_block": "10.0.1.0/24",
                            "id": "subnet-39202064",
                            "map_public_ip_on_launch": "false",
                            "tags.%": "2",
                            "tags.Environment": "blog",
                            "tags.Name": "blog-us-east-1b-public",
                            "vpc_id": "vpc-5bec8920"
                        },
                        "meta": {
                            "schema_version": "1"
                        },
                        "tainted": false
                    },
                    "deposed": [],
                    "provider": "module.vpc.provider.aws"
                },
                "aws_subnet.public_subnet.2": {
                    "type": "aws_subnet",
                    "depends_on": [
                        "aws_vpc.vpc"
                    ],
                    "primary": {
                        "id": "subnet-d8819bbc",
                        "attributes": {
                            "assign_ipv6_address_on_creation": "false",
                            "availability_zone": "us-east-1c",
                            "cidr_block": "10.0.2.0/24",
                            "id": "subnet-d8819bbc",
                            "map_public_ip_on_launch": "false",
                            "tags.%": "2",
                            "tags.Environment": "blog",
                            "tags.Name": "blog-us-east-1c-public",
                            "vpc_id": "vpc-5bec8920"
                        },
                        "meta": {
                            "schema_version": "1"
                        },
                        "tainted": false
                    },
                    "deposed": [],
                    "provider": "module.vpc.provider.aws"
                },
                "aws_vpc.vpc": {
                    "type": "aws_vpc",
                    "depends_on": [],
                    "primary": {
                        "id": "vpc-5bec8920",
                        "attributes": {
                            "assign_generated_ipv6_cidr_block": "false",
                            "cidr_block": "10.0.0.0/16",
                            "default_network_acl_id": "acl-17bf426d",
                            "default_route_table_id": "rtb-e20b999e",
                            "default_security_group_id": "sg-2a10025c",
                            "dhcp_options_id": "dopt-d45b81b2",
                            "enable_classiclink": "false",
                            "enable_classiclink_dns_support": "false",
                            "enable_dns_hostnames": "false",
                            "enable_dns_support": "true",
                            "id": "vpc-5bec8920",
                            "instance_tenancy": "default",
                            "main_route_table_id": "rtb-e20b999e",
                            "tags.%": "2",
                            "tags.Environment": "blog",
                            "tags.Name": "blog-vpc"
                        },
                        "meta": {
                            "schema_version": "1"
                        },
                        "tainted": false
                    },
                    "deposed": [],
                    "provider": "module.vpc.provider.aws"
                }
            },
            "depends_on": []
        }
    ]
}
